
Microsoft Visual Studio Solution File, Format Version 12.00
# Visual Studio Version 17
VisualStudioVersion = 17.0.31903.59
MinimumVisualStudioVersion = 10.0.40219.1
Project("{9A19103F-16F7-4668-BE54-9A1E7A4F7556}") = "Pfs.BL", "Pfs.BL\Pfs.BL.csproj", "{B54D474B-0187-4535-A529-CE1A3C272947}"
EndProject
Project("{9A19103F-16F7-4668-BE54-9A1E7A4F7556}") = "Pfs.BL.Tests", "Pfs.BL.Tests\Pfs.BL.Tests.csproj", "{FA38F4E2-E191-4213-8A50-C87440838011}"
EndProject
Project("{FAE04EC0-301F-11D3-BF4B-00C04F79EFBC}") = "Pfs", "Pfs\Pfs.csproj", "{7412B087-3142-4F15-BB32-B72872DE8ACA}"
EndProject
Global
	GlobalSection(SolutionConfigurationPlatforms) = preSolution
		Debug|Any CPU = Debug|Any CPU
		Release|Any CPU = Release|Any CPU
	EndGlobalSection
	GlobalSection(ProjectConfigurationPlatforms) = postSolution
		{B54D474B-0187-4535-A529-CE1A3C272947}.Debug|Any CPU.ActiveCfg = Debug|Any CPU
		{B54D474B-0187-4535-A529-CE1A3C272947}.Debug|Any CPU.Build.0 = Debug|Any CPU
		{B54D474B-0187-4535-A529-CE1A3C272947}.Release|Any CPU.ActiveCfg = Release|Any CPU
		{B54D474B-0187-4535-A529-CE1A3C272947}.Release|Any CPU.Build.0 = Release|Any CPU
		{FA38F4E2-E191-4213-8A50-C87440838011}.Debug|Any CPU.ActiveCfg = Debug|Any CPU
		{FA38F4E2-E191-4213-8A50-C87440838011}.Debug|Any CPU.Build.0 = Debug|Any CPU
		{FA38F4E2-E191-4213-8A50-C87440838011}.Release|Any CPU.ActiveCfg = Release|Any CPU
		{FA38F4E2-E191-4213-8A50-C87440838011}.Release|Any CPU.Build.0 = Release|Any CPU
		{7412B087-3142-4F15-BB32-B72872DE8ACA}.Debug|Any CPU.ActiveCfg = Debug|Any CPU
		{7412B087-3142-4F15-BB32-B72872DE8ACA}.Debug|Any CPU.Build.0 = Debug|Any CPU
		{7412B087-3142-4F15-BB32-B72872DE8ACA}.Release|Any CPU.ActiveCfg = Release|Any CPU
		{7412B087-3142-4F15-BB32-B72872DE8ACA}.Release|Any CPU.Build.0 = Release|Any CPU
	EndGlobalSection
	GlobalSection(SolutionProperties) = preSolution
		HideSolutionNode = FALSE
	EndGlobalSection
EndGlobal
